
Microsoft Visual Studio Solution File, Format Version 12.00
# Visual Studio 15
VisualStudioVersion = 15.0.28010.2036
MinimumVisualStudioVersion = 10.0.40219.1
Project("{FAE04EC0-301F-11D3-BF4B-00C04F79EFBC}") = "KosaricaZaKupovinu", "KosaricaZaKupovinu\KosaricaZaKupovinu.csproj", "{EBA8B985-926D-4537-A088-52D453E506D1}"
EndProject
Global
	GlobalSection(SolutionConfigurationPlatforms) = preSolution
		Debug|Any CPU = Debug|Any CPU
		Release|Any CPU = Release|Any CPU
	EndGlobalSection
	GlobalSection(ProjectConfigurationPlatforms) = postSolution
		{EBA8B985-926D-4537-A088-52D453E506D1}.Debug|Any CPU.ActiveCfg = Debug|Any CPU
		{EBA8B985-926D-4537-A088-52D453E506D1}.Debug|Any CPU.Build.0 = Debug|Any CPU
		{EBA8B985-926D-4537-A088-52D453E506D1}.Release|Any CPU.ActiveCfg = Release|Any CPU
		{EBA8B985-926D-4537-A088-52D453E506D1}.Release|Any CPU.Build.0 = Release|Any CPU
	EndGlobalSection
	GlobalSection(SolutionProperties) = preSolution
		HideSolutionNode = FALSE
	EndGlobalSection
	GlobalSection(ExtensibilityGlobals) = postSolution
		SolutionGuid = {8126CD3D-ECD1-4502-872B-9EBDADDF6737}
	EndGlobalSection
EndGlobal
